{
  "version": 4,
  "terraform_version": "1.14.7",
  "serial": 11,
  "lineage": "3d35c951-ee72-7f98-ed34-c0e17fbed6ba",
  "outputs": {
    "monitoring_ec2_public_ip": {
      "value": [],
      "type": [
        "tuple",
        []
      ]
    },
    "monitoring_sg_id": {
      "value": "sg-0bf3257a66380f056",
      "type": "string"
    }
  },
  "resources": [
    {
      "mode": "data",
      "type": "terraform_remote_state",
      "name": "existing_infra",
      "provider": "provider[\"terraform.io/builtin/terraform\"]",
      "instances": [
        {
          "schema_version": 0,
          "attributes": {
            "backend": "s3",
            "config": {
              "value": {
                "bucket": "tummoc-terraform-state",
                "key": "devops/terraform.tfstate",
                "region": "us-east-1"
              },
              "type": [
                "object",
                {
                  "bucket": "string",
                  "key": "string",
                  "region": "string"
                }
              ]
            },
            "defaults": null,
            "outputs": {
              "value": {
                "ecr_repository_url": "486408064722.dkr.ecr.us-east-1.amazonaws.com/tummoc-app",
                "iam_instance_profile_name": "tummoc-instance-profile",
                "iam_role_name": "tummoc-app",
                "public_subnet_id": "subnet-089d67dd30e09b96a",
                "vpc_id": "vpc-0cee6e6ac0d461f4f"
              },
              "type": [
                "object",
                {
                  "ecr_repository_url": "string",
                  "iam_instance_profile_name": "string",
                  "iam_role_name": "string",
                  "public_subnet_id": "string",
                  "vpc_id": "string"
                }
              ]
            },
            "workspace": null
          },
          "sensitive_attributes": [],
          "identity_schema_version": 0
        }
      ]
    },
    {
      "mode": "managed",
      "type": "aws_security_group",
      "name": "monitoring_sg",
      "provider": "provider[\"registry.terraform.io/hashicorp/aws\"]",
      "instances": [
        {
          "schema_version": 1,
          "attributes": {
            "arn": "arn:aws:ec2:us-east-1:486408064722:security-group/sg-0bf3257a66380f056",
            "description": "Managed by Terraform",
            "egress": [
              {
                "cidr_blocks": [
                  "0.0.0.0/0"
                ],
                "description": "",
                "from_port": 0,
                "ipv6_cidr_blocks": [],
                "prefix_list_ids": [],
                "protocol": "-1",
                "security_groups": [],
                "self": false,
                "to_port": 0
              }
            ],
            "id": "sg-0bf3257a66380f056",
            "ingress": [
              {
                "cidr_blocks": [
                  "0.0.0.0/0"
                ],
                "description": "Grafana",
                "from_port": 3000,
                "ipv6_cidr_blocks": [],
                "prefix_list_ids": [],
                "protocol": "tcp",
                "security_groups": [],
                "self": false,
                "to_port": 3000
              },
              {
                "cidr_blocks": [
                  "0.0.0.0/0"
                ],
                "description": "Prometheus",
                "from_port": 9090,
                "ipv6_cidr_blocks": [],
                "prefix_list_ids": [],
                "protocol": "tcp",
                "security_groups": [],
                "self": false,
                "to_port": 9090
              },
              {
                "cidr_blocks": [
                  "0.0.0.0/0"
                ],
                "description": "SSH",
                "from_port": 22,
                "ipv6_cidr_blocks": [],
                "prefix_list_ids": [],
                "protocol": "tcp",
                "security_groups": [],
                "self": false,
                "to_port": 22
              }
            ],
            "name": "monitoring-sg",
            "name_prefix": "",
            "owner_id": "486408064722",
            "region": "us-east-1",
            "revoke_rules_on_delete": false,
            "tags": {
              "Name": "monitoring-sg"
            },
            "tags_all": {
              "Name": "monitoring-sg"
            },
            "timeouts": null,
            "vpc_id": "vpc-0cee6e6ac0d461f4f"
          },
          "sensitive_attributes": [],
          "identity_schema_version": 0,
          "identity": {
            "account_id": "486408064722",
            "id": "sg-0bf3257a66380f056",
            "region": "us-east-1"
          },
          "private": "eyJlMmJmYjczMC1lY2FhLTExZTYtOGY4OC0zNDM2M2JjN2M0YzAiOnsiY3JlYXRlIjo2MDAwMDAwMDAwMDAsImRlbGV0ZSI6OTAwMDAwMDAwMDAwfSwic2NoZW1hX3ZlcnNpb24iOiIxIn0=",
          "dependencies": [
            "data.terraform_remote_state.existing_infra"
          ]
        }
      ]
    }
  ],
  "check_results": null
}
