{
  "version": 4,
  "terraform_version": "1.14.7",
  "serial": 9,
  "lineage": "3d35c951-ee72-7f98-ed34-c0e17fbed6ba",
  "outputs": {
    "monitoring_ec2_public_ip": {
      "value": "34.201.101.66",
      "type": "string"
    },
    "monitoring_sg_id": {
      "value": "sg-0bf3257a66380f056",
      "type": "string"
    }
  },
  "resources": [
    {
      "mode": "data",
      "type": "terraform_remote_state",
      "name": "existing_infra",
      "provider": "provider[\"terraform.io/builtin/terraform\"]",
      "instances": [
        {
          "schema_version": 0,
          "attributes": {
            "backend": "s3",
            "config": {
              "value": {
                "bucket": "tummoc-terraform-state",
                "key": "devops/terraform.tfstate",
                "region": "us-east-1"
              },
              "type": [
                "object",
                {
                  "bucket": "string",
                  "key": "string",
                  "region": "string"
                }
              ]
            },
            "defaults": null,
            "outputs": {
              "value": {
                "ecr_repository_url": "486408064722.dkr.ecr.us-east-1.amazonaws.com/tummoc-app",
                "iam_instance_profile_name": "tummoc-instance-profile",
                "iam_role_name": "tummoc-app",
                "public_subnet_id": "subnet-089d67dd30e09b96a",
                "vpc_id": "vpc-0cee6e6ac0d461f4f"
              },
              "type": [
                "object",
                {
                  "ecr_repository_url": "string",
                  "iam_instance_profile_name": "string",
                  "iam_role_name": "string",
                  "public_subnet_id": "string",
                  "vpc_id": "string"
                }
              ]
            },
            "workspace": null
          },
          "sensitive_attributes": [],
          "identity_schema_version": 0
        }
      ]
    },
    {
      "mode": "managed",
      "type": "aws_instance",
      "name": "monitoring",
      "provider": "provider[\"registry.terraform.io/hashicorp/aws\"]",
      "instances": [
        {
          "schema_version": 2,
          "attributes": {
            "ami": "ami-0dc2d3e4c0f9ebd18",
            "arn": "arn:aws:ec2:us-east-1:486408064722:instance/i-00c5ce497f10bde20",
            "associate_public_ip_address": true,
            "availability_zone": "us-east-1a",
            "capacity_reservation_specification": [
              {
                "capacity_reservation_preference": "open",
                "capacity_reservation_target": []
              }
            ],
            "cpu_options": [
              {
                "amd_sev_snp": "",
                "core_count": 1,
                "nested_virtualization": "",
                "threads_per_core": 2
              }
            ],
            "credit_specification": [
              {
                "cpu_credits": "unlimited"
              }
            ],
            "disable_api_stop": false,
            "disable_api_termination": false,
            "ebs_block_device": [],
            "ebs_optimized": false,
            "enable_primary_ipv6": null,
            "enclave_options": [
              {
                "enabled": false
              }
            ],
            "ephemeral_block_device": [],
            "force_destroy": false,
            "get_password_data": false,
            "hibernation": false,
            "host_id": "",
            "host_resource_group_arn": null,
            "iam_instance_profile": "tummoc-instance-profile",
            "id": "i-00c5ce497f10bde20",
            "instance_initiated_shutdown_behavior": "stop",
            "instance_lifecycle": "",
            "instance_market_options": [],
            "instance_state": "running",
            "instance_type": "t3.medium",
            "ipv6_address_count": 0,
            "ipv6_addresses": [],
            "key_name": "tom",
            "launch_template": [],
            "maintenance_options": [
              {
                "auto_recovery": "default"
              }
            ],
            "metadata_options": [
              {
                "http_endpoint": "enabled",
                "http_protocol_ipv6": "disabled",
                "http_put_response_hop_limit": 1,
                "http_tokens": "optional",
                "instance_metadata_tags": "disabled"
              }
            ],
            "monitoring": false,
            "network_interface": [],
            "outpost_arn": "",
            "password_data": "",
            "placement_group": "",
            "placement_group_id": "",
            "placement_partition_number": 0,
            "primary_network_interface": [
              {
                "delete_on_termination": true,
                "network_interface_id": "eni-057e291b64e3b94c0"
              }
            ],
            "primary_network_interface_id": "eni-057e291b64e3b94c0",
            "private_dns": "ip-10-0-1-133.ec2.internal",
            "private_dns_name_options": [
              {
                "enable_resource_name_dns_a_record": false,
                "enable_resource_name_dns_aaaa_record": false,
                "hostname_type": "ip-name"
              }
            ],
            "private_ip": "10.0.1.133",
            "public_dns": "",
            "public_ip": "34.201.101.66",
            "region": "us-east-1",
            "root_block_device": [
              {
                "delete_on_termination": true,
                "device_name": "/dev/xvda",
                "encrypted": false,
                "iops": 100,
                "kms_key_id": "",
                "tags": {},
                "tags_all": {},
                "throughput": 0,
                "volume_id": "vol-09feb4e772f5ce5f9",
                "volume_size": 8,
                "volume_type": "gp2"
              }
            ],
            "secondary_network_interface": [],
            "secondary_private_ips": [],
            "security_groups": [],
            "source_dest_check": true,
            "spot_instance_request_id": "",
            "subnet_id": "subnet-089d67dd30e09b96a",
            "tags": {
              "Name": "monitoring-ec2"
            },
            "tags_all": {
              "Name": "monitoring-ec2"
            },
            "tenancy": "default",
            "timeouts": null,
            "user_data": "#!/bin/bash\nyum update -y\nyum install -y wget tar\n\n# -------- Prometheus --------\nuseradd --no-create-home --shell /bin/false prometheus\ncd /tmp\nwget https://github.com/prometheus/prometheus/releases/download/v2.47.0/prometheus-2.47.0.linux-amd64.tar.gz\ntar xvf prometheus-2.47.0.linux-amd64.tar.gz\nmv prometheus-2.47.0.linux-amd64 /usr/local/prometheus\nchown -R prometheus:prometheus /usr/local/prometheus\n\n# Prometheus systemd service\ncat \u003c\u003cEOT \u003e /etc/systemd/system/prometheus.service\n[Unit]\nDescription=Prometheus\nWants=network-online.target\nAfter=network-online.target\n\n[Service]\nUser=prometheus\nExecStart=/usr/local/prometheus/prometheus --config.file=/usr/local/prometheus/prometheus.yml --storage.tsdb.path=/usr/local/prometheus/data\n\n[Install]\nWantedBy=multi-user.target\nEOT\n\nsystemctl daemon-reload\nsystemctl enable prometheus\nsystemctl start prometheus\n\n# -------- Grafana --------\ncat \u003c\u003cGEOF \u003e /etc/yum.repos.d/grafana.repo\n[grafana]\nname=grafana\nbaseurl=https://packages.grafana.com/oss/rpm\nrepo_gpgcheck=1\nenabled=1\ngpgcheck=1\ngpgkey=https://packages.grafana.com/gpg.key\nsslverify=1\nGEOF\n\nyum install -y grafana\nsystemctl enable grafana-server\nsystemctl start grafana-server\n",
            "user_data_base64": null,
            "user_data_replace_on_change": false,
            "volume_tags": null,
            "vpc_security_group_ids": [
              "sg-0bf3257a66380f056"
            ]
          },
          "sensitive_attributes": [],
          "identity_schema_version": 0,
          "identity": {
            "account_id": "486408064722",
            "id": "i-00c5ce497f10bde20",
            "region": "us-east-1"
          },
          "private": "eyJlMmJmYjczMC1lY2FhLTExZTYtOGY4OC0zNDM2M2JjN2M0YzAiOnsiY3JlYXRlIjo2MDAwMDAwMDAwMDAsImRlbGV0ZSI6MTIwMDAwMDAwMDAwMCwicmVhZCI6OTAwMDAwMDAwMDAwLCJ1cGRhdGUiOjYwMDAwMDAwMDAwMH0sInNjaGVtYV92ZXJzaW9uIjoiMiJ9",
          "dependencies": [
            "aws_security_group.monitoring_sg",
            "data.terraform_remote_state.existing_infra"
          ]
        }
      ]
    },
    {
      "mode": "managed",
      "type": "aws_security_group",
      "name": "monitoring_sg",
      "provider": "provider[\"registry.terraform.io/hashicorp/aws\"]",
      "instances": [
        {
          "schema_version": 1,
          "attributes": {
            "arn": "arn:aws:ec2:us-east-1:486408064722:security-group/sg-0bf3257a66380f056",
            "description": "Managed by Terraform",
            "egress": [
              {
                "cidr_blocks": [
                  "0.0.0.0/0"
                ],
                "description": "",
                "from_port": 0,
                "ipv6_cidr_blocks": [],
                "prefix_list_ids": [],
                "protocol": "-1",
                "security_groups": [],
                "self": false,
                "to_port": 0
              }
            ],
            "id": "sg-0bf3257a66380f056",
            "ingress": [
              {
                "cidr_blocks": [
                  "0.0.0.0/0"
                ],
                "description": "Grafana",
                "from_port": 3000,
                "ipv6_cidr_blocks": [],
                "prefix_list_ids": [],
                "protocol": "tcp",
                "security_groups": [],
                "self": false,
                "to_port": 3000
              },
              {
                "cidr_blocks": [
                  "0.0.0.0/0"
                ],
                "description": "Prometheus",
                "from_port": 9090,
                "ipv6_cidr_blocks": [],
                "prefix_list_ids": [],
                "protocol": "tcp",
                "security_groups": [],
                "self": false,
                "to_port": 9090
              },
              {
                "cidr_blocks": [
                  "0.0.0.0/0"
                ],
                "description": "SSH",
                "from_port": 22,
                "ipv6_cidr_blocks": [],
                "prefix_list_ids": [],
                "protocol": "tcp",
                "security_groups": [],
                "self": false,
                "to_port": 22
              }
            ],
            "name": "monitoring-sg",
            "name_prefix": "",
            "owner_id": "486408064722",
            "region": "us-east-1",
            "revoke_rules_on_delete": false,
            "tags": {
              "Name": "monitoring-sg"
            },
            "tags_all": {
              "Name": "monitoring-sg"
            },
            "timeouts": null,
            "vpc_id": "vpc-0cee6e6ac0d461f4f"
          },
          "sensitive_attributes": [],
          "identity_schema_version": 0,
          "identity": {
            "account_id": "486408064722",
            "id": "sg-0bf3257a66380f056",
            "region": "us-east-1"
          },
          "private": "eyJlMmJmYjczMC1lY2FhLTExZTYtOGY4OC0zNDM2M2JjN2M0YzAiOnsiY3JlYXRlIjo2MDAwMDAwMDAwMDAsImRlbGV0ZSI6OTAwMDAwMDAwMDAwfSwic2NoZW1hX3ZlcnNpb24iOiIxIn0=",
          "dependencies": [
            "data.terraform_remote_state.existing_infra"
          ]
        }
      ]
    }
  ],
  "check_results": null
}
